
Microsoft Visual Studio Solution File, Format Version 12.00
# Visual Studio 15
VisualStudioVersion = 15.0.28307.489
MinimumVisualStudioVersion = 10.0.40219.1
Project("{9A19103F-16F7-4668-BE54-9A1E7A4F7556}") = "xTensor", "xTensor\xTensor.csproj", "{BE6E50A2-DA06-4E53-8B5A-399C55601C3D}"
EndProject
Project("{8BC9CEB8-8B4A-11D0-8D11-00A0C91BC942}") = "xtensornative", "xtensornative\xtensornative.vcxproj", "{3574C609-66AC-41B6-8581-912D4B887C3D}"
EndProject
Project("{9A19103F-16F7-4668-BE54-9A1E7A4F7556}") = "xTensor.Scratchapd", "Examples\xTensor.Scratchapd\xTensor.Scratchapd.csproj", "{3AA875F7-0E43-4FD3-8720-5665BBC0A7EB}"
EndProject
Global
	GlobalSection(SolutionConfigurationPlatforms) = preSolution
		Debug|Any CPU = Debug|Any CPU
		Debug|x64 = Debug|x64
		Debug|x86 = Debug|x86
		Release|Any CPU = Release|Any CPU
		Release|x64 = Release|x64
		Release|x86 = Release|x86
	EndGlobalSection
	GlobalSection(ProjectConfigurationPlatforms) = postSolution
		{BE6E50A2-DA06-4E53-8B5A-399C55601C3D}.Debug|Any CPU.ActiveCfg = Debug|Any CPU
		{BE6E50A2-DA06-4E53-8B5A-399C55601C3D}.Debug|Any CPU.Build.0 = Debug|Any CPU
		{BE6E50A2-DA06-4E53-8B5A-399C55601C3D}.Debug|x64.ActiveCfg = Debug|Any CPU
		{BE6E50A2-DA06-4E53-8B5A-399C55601C3D}.Debug|x64.Build.0 = Debug|Any CPU
		{BE6E50A2-DA06-4E53-8B5A-399C55601C3D}.Debug|x86.ActiveCfg = Debug|Any CPU
		{BE6E50A2-DA06-4E53-8B5A-399C55601C3D}.Debug|x86.Build.0 = Debug|Any CPU
		{BE6E50A2-DA06-4E53-8B5A-399C55601C3D}.Release|Any CPU.ActiveCfg = Release|Any CPU
		{BE6E50A2-DA06-4E53-8B5A-399C55601C3D}.Release|Any CPU.Build.0 = Release|Any CPU
		{BE6E50A2-DA06-4E53-8B5A-399C55601C3D}.Release|x64.ActiveCfg = Release|Any CPU
		{BE6E50A2-DA06-4E53-8B5A-399C55601C3D}.Release|x64.Build.0 = Release|Any CPU
		{BE6E50A2-DA06-4E53-8B5A-399C55601C3D}.Release|x86.ActiveCfg = Release|Any CPU
		{BE6E50A2-DA06-4E53-8B5A-399C55601C3D}.Release|x86.Build.0 = Release|Any CPU
		{3574C609-66AC-41B6-8581-912D4B887C3D}.Debug|Any CPU.ActiveCfg = Debug|x64
		{3574C609-66AC-41B6-8581-912D4B887C3D}.Debug|Any CPU.Build.0 = Debug|x64
		{3574C609-66AC-41B6-8581-912D4B887C3D}.Debug|x64.ActiveCfg = Debug|x64
		{3574C609-66AC-41B6-8581-912D4B887C3D}.Debug|x64.Build.0 = Debug|x64
		{3574C609-66AC-41B6-8581-912D4B887C3D}.Debug|x86.ActiveCfg = Debug|Win32
		{3574C609-66AC-41B6-8581-912D4B887C3D}.Debug|x86.Build.0 = Debug|Win32
		{3574C609-66AC-41B6-8581-912D4B887C3D}.Release|Any CPU.ActiveCfg = Release|Win32
		{3574C609-66AC-41B6-8581-912D4B887C3D}.Release|x64.ActiveCfg = Release|x64
		{3574C609-66AC-41B6-8581-912D4B887C3D}.Release|x64.Build.0 = Release|x64
		{3574C609-66AC-41B6-8581-912D4B887C3D}.Release|x86.ActiveCfg = Release|Win32
		{3574C609-66AC-41B6-8581-912D4B887C3D}.Release|x86.Build.0 = Release|Win32
		{3AA875F7-0E43-4FD3-8720-5665BBC0A7EB}.Debug|Any CPU.ActiveCfg = Debug|Any CPU
		{3AA875F7-0E43-4FD3-8720-5665BBC0A7EB}.Debug|Any CPU.Build.0 = Debug|Any CPU
		{3AA875F7-0E43-4FD3-8720-5665BBC0A7EB}.Debug|x64.ActiveCfg = Debug|Any CPU
		{3AA875F7-0E43-4FD3-8720-5665BBC0A7EB}.Debug|x64.Build.0 = Debug|Any CPU
		{3AA875F7-0E43-4FD3-8720-5665BBC0A7EB}.Debug|x86.ActiveCfg = Debug|Any CPU
		{3AA875F7-0E43-4FD3-8720-5665BBC0A7EB}.Debug|x86.Build.0 = Debug|Any CPU
		{3AA875F7-0E43-4FD3-8720-5665BBC0A7EB}.Release|Any CPU.ActiveCfg = Release|Any CPU
		{3AA875F7-0E43-4FD3-8720-5665BBC0A7EB}.Release|Any CPU.Build.0 = Release|Any CPU
		{3AA875F7-0E43-4FD3-8720-5665BBC0A7EB}.Release|x64.ActiveCfg = Release|Any CPU
		{3AA875F7-0E43-4FD3-8720-5665BBC0A7EB}.Release|x64.Build.0 = Release|Any CPU
		{3AA875F7-0E43-4FD3-8720-5665BBC0A7EB}.Release|x86.ActiveCfg = Release|Any CPU
		{3AA875F7-0E43-4FD3-8720-5665BBC0A7EB}.Release|x86.Build.0 = Release|Any CPU
	EndGlobalSection
	GlobalSection(SolutionProperties) = preSolution
		HideSolutionNode = FALSE
	EndGlobalSection
	GlobalSection(ExtensibilityGlobals) = postSolution
		SolutionGuid = {9E4AB6F8-CC0E-4073-846D-5DAE41AB36B4}
	EndGlobalSection
EndGlobal
