
Microsoft Visual Studio Solution File, Format Version 12.00
# Visual Studio Version 16
VisualStudioVersion = 16.0.29020.237
MinimumVisualStudioVersion = 10.0.40219.1
Project("{FAE04EC0-301F-11D3-BF4B-00C04F79EFBC}") = "AFWork", "AFWork.csproj", "{690F2FDA-AB91-42D1-B624-3B4DFFE551F1}"
EndProject
Global
	GlobalSection(SolutionConfigurationPlatforms) = preSolution
		Debug|Any CPU = Debug|Any CPU
		Release|Any CPU = Release|Any CPU
	EndGlobalSection
	GlobalSection(ProjectConfigurationPlatforms) = postSolution
		{690F2FDA-AB91-42D1-B624-3B4DFFE551F1}.Debug|Any CPU.ActiveCfg = Debug|Any CPU
		{690F2FDA-AB91-42D1-B624-3B4DFFE551F1}.Debug|Any CPU.Build.0 = Debug|Any CPU
		{690F2FDA-AB91-42D1-B624-3B4DFFE551F1}.Release|Any CPU.ActiveCfg = Release|Any CPU
		{690F2FDA-AB91-42D1-B624-3B4DFFE551F1}.Release|Any CPU.Build.0 = Release|Any CPU
	EndGlobalSection
	GlobalSection(SolutionProperties) = preSolution
		HideSolutionNode = FALSE
	EndGlobalSection
	GlobalSection(ExtensibilityGlobals) = postSolution
		SolutionGuid = {F88E61CE-3E3B-4FC1-B55E-A5B75FE0C785}
	EndGlobalSection
EndGlobal
